
Microsoft Visual Studio Solution File, Format Version 12.00
# Visual Studio Version 16
VisualStudioVersion = 16.0.30621.155
MinimumVisualStudioVersion = 10.0.40219.1
Project("{FAE04EC0-301F-11D3-BF4B-00C04F79EFBC}") = "Engine", "Engine\Engine.csproj", "{4C112527-9ABD-484F-905A-7700512DB223}"
EndProject
Project("{FAE04EC0-301F-11D3-BF4B-00C04F79EFBC}") = "Game", "Game\Game.csproj", "{51131DD3-AA96-48DF-9FFA-663174988C99}"
EndProject
Global
	GlobalSection(SolutionConfigurationPlatforms) = preSolution
		Debug|Any CPU = Debug|Any CPU
		Release|Any CPU = Release|Any CPU
	EndGlobalSection
	GlobalSection(ProjectConfigurationPlatforms) = postSolution
		{4C112527-9ABD-484F-905A-7700512DB223}.Debug|Any CPU.ActiveCfg = Debug|Any CPU
		{4C112527-9ABD-484F-905A-7700512DB223}.Debug|Any CPU.Build.0 = Debug|Any CPU
		{4C112527-9ABD-484F-905A-7700512DB223}.Release|Any CPU.ActiveCfg = Release|Any CPU
		{4C112527-9ABD-484F-905A-7700512DB223}.Release|Any CPU.Build.0 = Release|Any CPU
		{51131DD3-AA96-48DF-9FFA-663174988C99}.Debug|Any CPU.ActiveCfg = Debug|Any CPU
		{51131DD3-AA96-48DF-9FFA-663174988C99}.Debug|Any CPU.Build.0 = Debug|Any CPU
		{51131DD3-AA96-48DF-9FFA-663174988C99}.Release|Any CPU.ActiveCfg = Release|Any CPU
		{51131DD3-AA96-48DF-9FFA-663174988C99}.Release|Any CPU.Build.0 = Release|Any CPU
	EndGlobalSection
	GlobalSection(SolutionProperties) = preSolution
		HideSolutionNode = FALSE
	EndGlobalSection
	GlobalSection(ExtensibilityGlobals) = postSolution
		SolutionGuid = {9472BF8C-19BE-4CAD-AADE-3D451EE84502}
	EndGlobalSection
EndGlobal
